version = 1
requires-python = ">=3.9"

[[package]]
name = "cs262-hannah-jude"
version = "0.1.0"
source = { virtual = "." }
dependencies = [
    { name = "pymongo" },
]

[package.metadata]
requires-dist = [{ name = "pymongo", specifier = ">=4.10.1" }]

[[package]]
name = "dnspython"
version = "2.7.0"
source = { registry = "https://pypi.org/simple" }
sdist = { url = "https://files.pythonhosted.org/packages/b5/4a/263763cb2ba3816dd94b08ad3a33d5fdae34ecb856678773cc40a3605829/dnspython-2.7.0.tar.gz", hash = "sha256:ce9c432eda0dc91cf618a5cedf1a4e142651196bbcd2c80e89ed5a907e5cfaf1", size = 345197 }
wheels = [
    { url = "https://files.pythonhosted.org/packages/68/1b/e0a87d256e40e8c888847551b20a017a6b98139178505dc7ffb96f04e954/dnspython-2.7.0-py3-none-any.whl", hash = "sha256:b4c34b7d10b51bcc3a5071e7b8dee77939f1e878477eeecc965e9835f63c6c86", size = 313632 },
]

[[package]]
name = "pymongo"
version = "4.11"
source = { registry = "https://pypi.org/simple" }
dependencies = [
    { name = "dnspython" },
]
sdist = { url = "https://files.pythonhosted.org/packages/b4/36/71797b3edfd77f32c79a0ca7e35ec37f0242733224347ed1986d86b12df5/pymongo-4.11.tar.gz", hash = "sha256:21b9969e155c4b16a160fbe90c390a07ca7514479af6c3811b1d15ead26e10ba", size = 2052917 }
wheels = [
    { url = "https://files.pythonhosted.org/packages/e5/59/effb3b9f3b640f63e498664d21df9fcf6f094e603b6f993ab5399ed1882f/pymongo-4.11-cp310-cp310-macosx_10_9_x86_64.whl", hash = "sha256:1971039a8e3aab139e0382b26a9670cd34f43c5301da267360b9a640b637d09b", size = 786107 },
    { url = "https://files.pythonhosted.org/packages/8b/fa/fcd0073e9d6a326201c1c791c1c1fba03cf4811ca1c01101bf741c5a1804/pymongo-4.11-cp310-cp310-macosx_11_0_arm64.whl", hash = "sha256:b4878e92ae255a05756399a4e2b428f0fd3529561eacd9f4781a70ad5311397e", size = 786395 },
    { url = "https://files.pythonhosted.org/packages/db/2d/cfaf340e7c2a7599901bb9277552884a7b73894932a4c8114e3e57abbaa1/pymongo-4.11-cp310-cp310-manylinux_2_17_aarch64.manylinux2014_aarch64.whl", hash = "sha256:e43b0533f291a8883e52fd7a8919353ae7038d50ef17873983877c2f6b76330e", size = 1163834 },
    { url = "https://files.pythonhosted.org/packages/29/92/28a8573a839db64ff38db4c10a2c88ae87f636da2fa609758c2559a657f4/pymongo-4.11-cp310-cp310-manylinux_2_17_x86_64.manylinux2014_x86_64.whl", hash = "sha256:cf0a36fae1187fc2bdf3c527dc68c6bfd7c89726fbbf3215460b82e28bd8b81e", size = 1166996 },
    { url = "https://files.pythonhosted.org/packages/27/9c/83346fed0ef5918bf403c5079caa55490dd758b31a05414bd29d4ee1dc7b/pymongo-4.11-cp310-cp310-manylinux_2_5_i686.manylinux1_i686.manylinux_2_17_i686.manylinux2014_i686.whl", hash = "sha256:ff5176a083252a769e5bfb1a950d0e37da585c313e1a4af98903e22e7cf4c475", size = 1146144 },
    { url = "https://files.pythonhosted.org/packages/c0/8c/d5f3f9e4c71cfb34934a35955bc58c588e002a47b2ddd3ba852c18d1ad7a/pymongo-4.11-cp310-cp310-win32.whl", hash = "sha256:ee3cc9bce848a1024d1c96717540f3f30cba885df9610be70c0653764e30ae6e", size = 772050 },
    { url = "https://files.pythonhosted.org/packages/00/b3/f7faac25941de357a40d49bf01f4d2f2fd44d4deb0d180439415dba6a5a6/pymongo-4.11-cp310-cp310-win_amd64.whl", hash = "sha256:06e82968ea031aebc18820898b102efed1ea8dc21b51eff2a81dc9ba4191fa6b", size = 781390 },
    { url = "https://files.pythonhosted.org/packages/0a/cc/9da39b9a2166889af193295ffb3c12d603a0b1fcae648ad158899bd5cb11/pymongo-4.11-cp311-cp311-macosx_10_9_x86_64.whl", hash = "sha256:0197fe47e31bee488e82e7ab73e6a351a191bbd6e25cf4a380622e4b1ffcd143", size = 840483 },
    { url = "https://files.pythonhosted.org/packages/2e/87/7970ccc9524e8e44829668d427b1a3bad1c13c7172b8972bbb8fb7f72bb9/pymongo-4.11-cp311-cp311-macosx_11_0_arm64.whl", hash = "sha256:f300d1811bd33940b2dd1907dbe2b4ae473003a384d6a764babb3ea5a4edede4", size = 840773 },
    { url = "https://files.pythonhosted.org/packages/36/53/fc39f5d07e079d73f653454b6f733a9370061f291f39ef8ff86b99902b2d/pymongo-4.11-cp311-cp311-manylinux_2_17_aarch64.manylinux2014_aarch64.whl", hash = "sha256:212f14a882659a45db472f0bc0fdf83c16fad4e7e4d4257187797779c461320e", size = 1409922 },
    { url = "https://files.pythonhosted.org/packages/10/08/9a445f95c3215bc5fb6f8f977646795c5b4dff7d335da1c02ddb70ceb505/pymongo-4.11-cp311-cp311-manylinux_2_17_x86_64.manylinux2014_x86_64.whl", hash = "sha256:c72165e4ee884c3c9ac85a443f20dd01849c9df26b38ff25b08260330ed78202", size = 1414431 },
    { url = "https://files.pythonhosted.org/packages/2d/c7/fdf53938b25ffc9120ef71181a64307b45aa46ff0cbb306bb9a993f7d94d/pymongo-4.11-cp311-cp311-manylinux_2_5_i686.manylinux1_i686.manylinux_2_17_i686.manylinux2014_i686.whl", hash = "sha256:bedcf4a602042cb2c19ae3ee450fbdd5832095ae5b563e004f7c0d307a22c9e1", size = 1383072 },
    { url = "https://files.pythonhosted.org/packages/20/83/12114777ead3ccf71be90d2e14a00aa875d3c5c09e8281581727fd3ea2dd/pymongo-4.11-cp311-cp311-win32.whl", hash = "sha256:64ad12ae8d79f18ec30d807b9b9b9802c30427c39599d8b1833bc00e63f0e4bb", size = 817647 },
    { url = "https://files.pythonhosted.org/packages/15/e5/e70d1fbe2a72b7d88d8007ab913abaa267187e71391490ca3975836f0d40/pymongo-4.11-cp311-cp311-win_amd64.whl", hash = "sha256:a308ad2eeaee370b3b4154a82840c8f8f9b18ccc76b71812323d243a7bda98a2", size = 831595 },
    { url = "https://files.pythonhosted.org/packages/cd/91/d641d3658adec7f40ec661ae1a6f1588d5adcdbab94241fc15582bdf58d1/pymongo-4.11-cp312-cp312-macosx_10_13_x86_64.whl", hash = "sha256:254aa90fafead13aca8dbcfbc407e2f6f7c125fce726925bd96adc74b6226f9e", size = 895335 },
    { url = "https://files.pythonhosted.org/packages/00/e3/471839c8705ae024d6eb3af65bd2fac85b33561c04048ff846d22d5ed9d4/pymongo-4.11-cp312-cp312-macosx_11_0_arm64.whl", hash = "sha256:e84e27d6fa4b3e532043daf89d52d2cfbd7b4697b44b86a7b3db8cacdcfcc58c", size = 895035 },
    { url = "https://files.pythonhosted.org/packages/50/51/e25c686128abce5b87289056d50d81073470cb59a5f1fd797a136a9c32d9/pymongo-4.11-cp312-cp312-manylinux_2_17_aarch64.manylinux2014_aarch64.whl", hash = "sha256:7ac81987985275abeb53f5faa5c4a7f7890df9368c0f730fe37460a6301d94d7", size = 1673755 },
    { url = "https://files.pythonhosted.org/packages/03/73/e5a8fba8a03df7d4f4223f94507449f075b4c2f239d84302db4dc6f245d7/pymongo-4.11-cp312-cp312-manylinux_2_17_x86_64.manylinux2014_x86_64.whl", hash = "sha256:85cfc99af2ae0fb8699e15b1f3479018216eb75d80f0082973a876ecfdf1022e", size = 1677001 },
    { url = "https://files.pythonhosted.org/packages/f1/56/3e2af56a53e9d5a98da892a88d5a91ea9a731c6b2d7ec3d6d38947685572/pymongo-4.11-cp312-cp312-manylinux_2_5_i686.manylinux1_i686.manylinux_2_17_i686.manylinux2014_i686.whl", hash = "sha256:b885210269455e05f5704887a4c7b3b99d03c9ab37f320005acc21d1761f1656", size = 1636120 },
    { url = "https://files.pythonhosted.org/packages/c9/0d/c9c2d4425d82d4f914f87784bf4369102c3faeee05dfb5b5edf729bad68e/pymongo-4.11-cp312-cp312-win32.whl", hash = "sha256:b7af60e034e04c3206dfbe2a7bbcc46057ca4f9ad8ed66869bf669c02a1e6e99", size = 864006 },
    { url = "https://files.pythonhosted.org/packages/3f/ca/45cc3ab47879cc3be19fb7aa675c88127be4198e09626bc4e4a39357cfe4/pymongo-4.11-cp312-cp312-win_amd64.whl", hash = "sha256:74f02b7dbb3b15c2e48c7bb28941f6198dc73ced09683738180a9fdbfc0983b2", size = 882273 },
    { url = "https://files.pythonhosted.org/packages/56/1b/9150417d1ea05b19447dcb61381a4638db22bbe7616261335b8df60bf317/pymongo-4.11-cp313-cp313-macosx_10_13_x86_64.whl", hash = "sha256:d33c80afcbfdd2934917fedfa005251484ca8d98767c74793c35d5f24b8e48f1", size = 949594 },
    { url = "https://files.pythonhosted.org/packages/b6/f5/40b0b21b469b555de0d33d4a115bd5bfd9cc8933bb82193fb18b0e6cc240/pymongo-4.11-cp313-cp313-macosx_11_0_arm64.whl", hash = "sha256:d4db6f7515f5087ae9deecc3b60d3d8a512b1a0a9bff93113bc9edf20ed29ab9", size = 949273 },
    { url = "https://files.pythonhosted.org/packages/43/d1/3d7a54b5c77789b3f7a5f240dddc4558861cd39bbc890c5b2cd842ab0598/pymongo-4.11-cp313-cp313-manylinux_2_17_aarch64.manylinux2014_aarch64.whl", hash = "sha256:c3a7ead31317d3a3eabc17486c75ad109f3d514a702002e52da474b59dd8acce", size = 1937656 },
    { url = "https://files.pythonhosted.org/packages/29/db/8eb5513aa6754fb91adf3a64a87ae3c6f80474bcbdedd74801d345ff20e9/pymongo-4.11-cp313-cp313-manylinux_2_17_x86_64.manylinux2014_x86_64.whl", hash = "sha256:4c0ab91c06bf79dd3d3fd5f2a53fe22db8036084ddcfaacd80e83828b6eb4f25", size = 1939577 },
    { url = "https://files.pythonhosted.org/packages/b7/ea/6fec3e6011927c0a6ed863cbfa6f7a33f2c67d8691d78088a04606812ac8/pymongo-4.11-cp313-cp313-manylinux_2_5_i686.manylinux1_i686.manylinux_2_17_i686.manylinux2014_i686.whl", hash = "sha256:9a04f49d6f1fa4f4e6a98ef76b4881b4a9c7decd8a90ee5c9aeff087662e2d8a", size = 1889013 },
    { url = "https://files.pythonhosted.org/packages/a6/b0/87011f6427f291f34254f725fda6e8780b4dd18b2af0c0b066094d56bd24/pymongo-4.11-cp313-cp313-win32.whl", hash = "sha256:981ae0caa245bedf9af3af9159ae71b05444e35dd61a0250235b5c58dcd69178", size = 910348 },
    { url = "https://files.pythonhosted.org/packages/92/42/fa3de33777f0394eeb505295b64f961ec97f4e733b465a79aed66e0b3d61/pymongo-4.11-cp313-cp313-win_amd64.whl", hash = "sha256:8e5a56a508612c64906d5375ebee413cee2fc432c09abd9cb4d9e23ac8bcdd3a", size = 932921 },
    { url = "https://files.pythonhosted.org/packages/33/63/5f4d8a877d9e754cc05a96961d9d3200f3c61f5bf1fecc20a39ec5e4431f/pymongo-4.11-cp313-cp313t-macosx_10_13_x86_64.whl", hash = "sha256:c3b67a2949240d63a0b8b1094e1d2d4b94dedf0317ac6e14164adc9aaf260963", size = 1006110 },
    { url = "https://files.pythonhosted.org/packages/ad/32/7bb57a0398174a9807336da529ac8afa8b3e788354bf5cdb40764b420e18/pymongo-4.11-cp313-cp313t-macosx_11_0_arm64.whl", hash = "sha256:17d4b787afed3163e5faa147b028d8ec7996a5388328499588c5c5858f26ab8a", size = 1006098 },
    { url = "https://files.pythonhosted.org/packages/f4/4b/f99c08992aff1acb54836aa7e7e24315f6aa2b91df5a2974d9a7e6fd1fd1/pymongo-4.11-cp313-cp313t-manylinux_2_17_aarch64.manylinux2014_aarch64.whl", hash = "sha256:ae7f636010ce54885f1ea19c37ea2cb744d976ce689361a776fd0e991d020b81", size = 2266363 },
    { url = "https://files.pythonhosted.org/packages/48/26/6a29c4f9eb58716d7cb170e6e3628de34774dfad3fdec870bcc41e076b6c/pymongo-4.11-cp313-cp313t-manylinux_2_17_x86_64.manylinux2014_x86_64.whl", hash = "sha256:c7f2309384de675e7e25104fc5947acb65ad3ba69dc8246095d57ff1220dfcbb", size = 2263760 },
    { url = "https://files.pythonhosted.org/packages/29/d3/6fa17edadba7fd5f68e823d62d484a3ef5a7d48c224cfff3952343bcc2a4/pymongo-4.11-cp313-cp313t-manylinux_2_5_i686.manylinux1_i686.manylinux_2_17_i686.manylinux2014_i686.whl", hash = "sha256:17966e98d0350b578a337f053cc541458c296236d4b5b4b8adb76f5e82644fb8", size = 2202777 },
    { url = "https://files.pythonhosted.org/packages/6e/fa/76ecd623ce046e44a6025a017e0322fbed7db8be11b1e87d721b3108eb2c/pymongo-4.11-cp313-cp313t-win32.whl", hash = "sha256:b7246f2060ba03dcc25ade803bc6a3c39f1cc7db93297875edd251ca8cf5cac7", size = 959225 },
    { url = "https://files.pythonhosted.org/packages/54/0a/c20ef65268514be131860e7d70d4f3892114b6a6e2a3a4a56a9f6aff901b/pymongo-4.11-cp313-cp313t-win_amd64.whl", hash = "sha256:488e3440f5bedcbf494fd02c0a433cb5be7e55ba44dc72202813e1007a865e6a", size = 987846 },
    { url = "https://files.pythonhosted.org/packages/7e/6f/e5bb9a06f8ee15e2b9e050acf898be1a74b4137921e8fdc40271215c83a9/pymongo-4.11-cp39-cp39-macosx_10_9_x86_64.whl", hash = "sha256:8436f90f26379c167d47b61ac78c48224af98f3136ece380b74158cbef2ad6a7", size = 731715 },
    { url = "https://files.pythonhosted.org/packages/c4/86/5214580928027765074280bc9b1fa97e7b89a5235b165000d23a3ca9369e/pymongo-4.11-cp39-cp39-macosx_11_0_arm64.whl", hash = "sha256:5837ee73ffa4a943360320d7b9b917da2752a4cb536e23a6eaca418c1c64f60a", size = 732011 },
    { url = "https://files.pythonhosted.org/packages/aa/57/8a4f2d95cbc3b2c6bc5b0a99211e74be180ec3a3bde28a9a3b29cf1ded3d/pymongo-4.11-cp39-cp39-manylinux_2_17_aarch64.manylinux2014_aarch64.whl", hash = "sha256:5c7e5e500cc408f7f2aa38a4a6ed96d78a4c4cce3bcc6f1a55113f0b9d7823dd", size = 919735 },
    { url = "https://files.pythonhosted.org/packages/66/67/abb2951d2e8ea4271764d83b30b1181ef3273d335e89ff1a404996c8fac8/pymongo-4.11-cp39-cp39-manylinux_2_17_x86_64.manylinux2014_x86_64.whl", hash = "sha256:7cf9d18444259d86cd7028ac428f4fe7fbdefa3450575126ad2ee4447db0f52f", size = 921637 },
    { url = "https://files.pythonhosted.org/packages/81/fd/7a935bf289399bf03e36340fb5db4dd3b872c4aab002139a9019bca6e6ed/pymongo-4.11-cp39-cp39-manylinux_2_5_i686.manylinux1_i686.manylinux_2_17_i686.manylinux2014_i686.whl", hash = "sha256:ec86da9ce746de890b8d470a1f12f3d2634786fee002a4c56bdbbfd59e23f1f7", size = 911290 },
    { url = "https://files.pythonhosted.org/packages/8a/b5/232ddd3a56f6c3dddeb64f40e3c02fc5e5f76e4e6fb38056442d502177a6/pymongo-4.11-cp39-cp39-manylinux_2_5_i686.manylinux1_i686.whl", hash = "sha256:38f777f5e43f3acd651a79aaf95abf29e8e7f85429a12ce32c4b7f2f877b2200", size = 894523 },
    { url = "https://files.pythonhosted.org/packages/da/5a/38bcf31a750d30ca426773643845743343bc4703afb243af144d3e9dd335/pymongo-4.11-cp39-cp39-manylinux_2_5_x86_64.manylinux1_x86_64.whl", hash = "sha256:314648ec4d5eaa755233343d6d110348371988257de35f5a84667b709262deab", size = 920926 },
    { url = "https://files.pythonhosted.org/packages/20/61/586ffde8f390ffec38c0ab748884fc8c6f64ef70012d1f3f18a0b3474176/pymongo-4.11-cp39-cp39-win32.whl", hash = "sha256:d4a275ea70f597d3fd77bdc83054307a65749b2c669bc5045cb4620930eed596", size = 726453 },
    { url = "https://files.pythonhosted.org/packages/44/60/25b0aafc13999628d959f8efae59f4a04b338fc8b3b914dc0807aae23a12/pymongo-4.11-cp39-cp39-win_amd64.whl", hash = "sha256:bb3ce0ce49cfe5c31db046d567403adb2d158459cf10d7c71f6d72f2324c900a", size = 731189 },
]
